
Microsoft Visual Studio Solution File, Format Version 12.00
# Visual Studio Version 16
VisualStudioVersion = 16.0.31129.286
MinimumVisualStudioVersion = 10.0.40219.1
Project("{FAE04EC0-301F-11D3-BF4B-00C04F79EFBC}") = "Calculadora.Consoleapp", "Calculadora.Consoleapp\Calculadora.Consoleapp.csproj", "{A846CC76-6620-446B-8AA2-1E1748C4F720}"
EndProject
Global
	GlobalSection(SolutionConfigurationPlatforms) = preSolution
		Debug|Any CPU = Debug|Any CPU
		Release|Any CPU = Release|Any CPU
	EndGlobalSection
	GlobalSection(ProjectConfigurationPlatforms) = postSolution
		{A846CC76-6620-446B-8AA2-1E1748C4F720}.Debug|Any CPU.ActiveCfg = Debug|Any CPU
		{A846CC76-6620-446B-8AA2-1E1748C4F720}.Debug|Any CPU.Build.0 = Debug|Any CPU
		{A846CC76-6620-446B-8AA2-1E1748C4F720}.Release|Any CPU.ActiveCfg = Release|Any CPU
		{A846CC76-6620-446B-8AA2-1E1748C4F720}.Release|Any CPU.Build.0 = Release|Any CPU
	EndGlobalSection
	GlobalSection(SolutionProperties) = preSolution
		HideSolutionNode = FALSE
	EndGlobalSection
	GlobalSection(ExtensibilityGlobals) = postSolution
		SolutionGuid = {765FEC4D-D6C4-455A-9781-84129372493C}
	EndGlobalSection
EndGlobal
